
Microsoft Visual Studio Solution File, Format Version 12.00
# Visual Studio Version 17
VisualStudioVersion = 17.0.32112.339
MinimumVisualStudioVersion = 10.0.40219.1
Project("{FAE04EC0-301F-11D3-BF4B-00C04F79EFBC}") = "CaseStudy1", "CaseStudy1\CaseStudy1.csproj", "{E517EA53-DD88-40AB-B6E0-4F10178900A6}"
EndProject
Global
	GlobalSection(SolutionConfigurationPlatforms) = preSolution
		Debug|Any CPU = Debug|Any CPU
		Release|Any CPU = Release|Any CPU
	EndGlobalSection
	GlobalSection(ProjectConfigurationPlatforms) = postSolution
		{E517EA53-DD88-40AB-B6E0-4F10178900A6}.Debug|Any CPU.ActiveCfg = Debug|Any CPU
		{E517EA53-DD88-40AB-B6E0-4F10178900A6}.Debug|Any CPU.Build.0 = Debug|Any CPU
		{E517EA53-DD88-40AB-B6E0-4F10178900A6}.Release|Any CPU.ActiveCfg = Release|Any CPU
		{E517EA53-DD88-40AB-B6E0-4F10178900A6}.Release|Any CPU.Build.0 = Release|Any CPU
	EndGlobalSection
	GlobalSection(SolutionProperties) = preSolution
		HideSolutionNode = FALSE
	EndGlobalSection
	GlobalSection(ExtensibilityGlobals) = postSolution
		SolutionGuid = {120366B4-B084-4972-AFA1-4F1DE5489049}
	EndGlobalSection
EndGlobal
